
Microsoft Visual Studio Solution File, Format Version 12.00
# Visual Studio 2012
Project("{FAE04EC0-301F-11D3-BF4B-00C04F79EFBC}") = "Clover.Domain", "Domain\Clover.Domain.csproj", "{A42D287A-8EF4-48F6-B14C-7F9CA834F786}"
EndProject
Project("{FAE04EC0-301F-11D3-BF4B-00C04F79EFBC}") = "Clover.Dao", "Dao\Clover.Dao.csproj", "{DC017E1A-8853-4267-932E-30CB3BCF8CF5}"
EndProject
Project("{FAE04EC0-301F-11D3-BF4B-00C04F79EFBC}") = "Clover.Service", "Service\Clover.Service.csproj", "{BAFCD632-06A1-4EDC-9B14-0897E001572A}"
EndProject
Project("{FAE04EC0-301F-11D3-BF4B-00C04F79EFBC}") = "Clover.Common", "Common\Clover.Common.csproj", "{B3F29715-E925-4E56-9248-580F06C3BC11}"
EndProject
Project("{FAE04EC0-301F-11D3-BF4B-00C04F79EFBC}") = "Clover.Web1", "Web1\Clover.Web1.csproj", "{2CC4ED5D-6F6B-40E8-8B59-397B4B565F0A}"
EndProject
Project("{FAE04EC0-301F-11D3-BF4B-00C04F79EFBC}") = "Clover.Web", "Web\Clover.Web.csproj", "{C741ACD4-051D-4B5E-8FAE-F83F695FCDD4}"
EndProject
Global
	GlobalSection(SolutionConfigurationPlatforms) = preSolution
		Debug|Any CPU = Debug|Any CPU
		Release|Any CPU = Release|Any CPU
	EndGlobalSection
	GlobalSection(ProjectConfigurationPlatforms) = postSolution
		{A42D287A-8EF4-48F6-B14C-7F9CA834F786}.Debug|Any CPU.ActiveCfg = Debug|Any CPU
		{A42D287A-8EF4-48F6-B14C-7F9CA834F786}.Debug|Any CPU.Build.0 = Debug|Any CPU
		{A42D287A-8EF4-48F6-B14C-7F9CA834F786}.Release|Any CPU.ActiveCfg = Release|Any CPU
		{A42D287A-8EF4-48F6-B14C-7F9CA834F786}.Release|Any CPU.Build.0 = Release|Any CPU
		{DC017E1A-8853-4267-932E-30CB3BCF8CF5}.Debug|Any CPU.ActiveCfg = Debug|Any CPU
		{DC017E1A-8853-4267-932E-30CB3BCF8CF5}.Debug|Any CPU.Build.0 = Debug|Any CPU
		{DC017E1A-8853-4267-932E-30CB3BCF8CF5}.Release|Any CPU.ActiveCfg = Release|Any CPU
		{DC017E1A-8853-4267-932E-30CB3BCF8CF5}.Release|Any CPU.Build.0 = Release|Any CPU
		{BAFCD632-06A1-4EDC-9B14-0897E001572A}.Debug|Any CPU.ActiveCfg = Debug|Any CPU
		{BAFCD632-06A1-4EDC-9B14-0897E001572A}.Debug|Any CPU.Build.0 = Debug|Any CPU
		{BAFCD632-06A1-4EDC-9B14-0897E001572A}.Release|Any CPU.ActiveCfg = Release|Any CPU
		{BAFCD632-06A1-4EDC-9B14-0897E001572A}.Release|Any CPU.Build.0 = Release|Any CPU
		{B3F29715-E925-4E56-9248-580F06C3BC11}.Debug|Any CPU.ActiveCfg = Debug|Any CPU
		{B3F29715-E925-4E56-9248-580F06C3BC11}.Debug|Any CPU.Build.0 = Debug|Any CPU
		{B3F29715-E925-4E56-9248-580F06C3BC11}.Release|Any CPU.ActiveCfg = Release|Any CPU
		{B3F29715-E925-4E56-9248-580F06C3BC11}.Release|Any CPU.Build.0 = Release|Any CPU
		{2CC4ED5D-6F6B-40E8-8B59-397B4B565F0A}.Debug|Any CPU.ActiveCfg = Debug|Any CPU
		{2CC4ED5D-6F6B-40E8-8B59-397B4B565F0A}.Debug|Any CPU.Build.0 = Debug|Any CPU
		{2CC4ED5D-6F6B-40E8-8B59-397B4B565F0A}.Release|Any CPU.ActiveCfg = Release|Any CPU
		{2CC4ED5D-6F6B-40E8-8B59-397B4B565F0A}.Release|Any CPU.Build.0 = Release|Any CPU
		{C741ACD4-051D-4B5E-8FAE-F83F695FCDD4}.Debug|Any CPU.ActiveCfg = Debug|Any CPU
		{C741ACD4-051D-4B5E-8FAE-F83F695FCDD4}.Debug|Any CPU.Build.0 = Debug|Any CPU
		{C741ACD4-051D-4B5E-8FAE-F83F695FCDD4}.Release|Any CPU.ActiveCfg = Release|Any CPU
		{C741ACD4-051D-4B5E-8FAE-F83F695FCDD4}.Release|Any CPU.Build.0 = Release|Any CPU
	EndGlobalSection
	GlobalSection(SolutionProperties) = preSolution
		HideSolutionNode = FALSE
	EndGlobalSection
EndGlobal
